// !$*UTF8*$!
{
	archiveVersion = 1;
	classes = {
	};
	objectVersion = 46;
	objects = {

/* Begin PBXBuildFile section */
		37511DB71C596EB600EDE554 /* AppDelegate.swift in Sources */ = {isa = PBXBuildFile; fileRef = 37511DB61C596EB600EDE554 /* AppDelegate.swift */; };
		37511DB91C596EB600EDE554 /* ViewController.swift in Sources */ = {isa = PBXBuildFile; fileRef = 37511DB81C596EB600EDE554 /* ViewController.swift */; };
		37511DBC1C596EB600EDE554 /* Main.storyboard in Resources */ = {isa = PBXBuildFile; fileRef = 37511DBA1C596EB600EDE554 /* Main.storyboard */; };
		37511DBF1C596EB600EDE554 /* essence_ios.xcdatamodeld in Sources */ = {isa = PBXBuildFile; fileRef = 37511DBD1C596EB600EDE554 /* essence_ios.xcdatamodeld */; };
		37511DC11C596EB600EDE554 /* Assets.xcassets in Resources */ = {isa = PBXBuildFile; fileRef = 37511DC01C596EB600EDE554 /* Assets.xcassets */; };
		37511DC41C596EB600EDE554 /* LaunchScreen.storyboard in Resources */ = {isa = PBXBuildFile; fileRef = 37511DC21C596EB600EDE554 /* LaunchScreen.storyboard */; };
		7F056084B87402C84110D712 /* Pods_essence_ios.framework in Frameworks */ = {isa = PBXBuildFile; fileRef = 5A701C3478A2A48CF45CE763 /* Pods_essence_ios.framework */; };
/* End PBXBuildFile section */

/* Begin PBXFileReference section */
		37511DB31C596EB600EDE554 /* essence-ios.app */ = {isa = PBXFileReference; explicitFileType = wrapper.application; includeInIndex = 0; path = "essence-ios.app"; sourceTree = BUILT_PRODUCTS_DIR; };
		37511DB61C596EB600EDE554 /* AppDelegate.swift */ = {isa = PBXFileReference; lastKnownFileType = sourcecode.swift; path = AppDelegate.swift; sourceTree = "<group>"; };
		37511DB81C596EB600EDE554 /* ViewController.swift */ = {isa = PBXFileReference; lastKnownFileType = sourcecode.swift; path = ViewController.swift; sourceTree = "<group>"; };
		37511DBB1C596EB600EDE554 /* Base */ = {isa = PBXFileReference; lastKnownFileType = file.storyboard; name = Base; path = Base.lproj/Main.storyboard; sourceTree = "<group>"; };
		37511DBE1C596EB600EDE554 /* essence_ios.xcdatamodel */ = {isa = PBXFileReference; lastKnownFileType = wrapper.xcdatamodel; path = essence_ios.xcdatamodel; sourceTree = "<group>"; };
		37511DC01C596EB600EDE554 /* Assets.xcassets */ = {isa = PBXFileReference; lastKnownFileType = folder.assetcatalog; path = Assets.xcassets; sourceTree = "<group>"; };
		37511DC31C596EB600EDE554 /* Base */ = {isa = PBXFileReference; lastKnownFileType = file.storyboard; name = Base; path = Base.lproj/LaunchScreen.storyboard; sourceTree = "<group>"; };
		37511DC51C596EB600EDE554 /* Info.plist */ = {isa = PBXFileReference; lastKnownFileType = text.plist.xml; path = Info.plist; sourceTree = "<group>"; };
		420B4727400C23B4677EBFFC /* Pods-essence-ios.debug.xcconfig */ = {isa = PBXFileReference; includeInIndex = 1; lastKnownFileType = text.xcconfig; name = "Pods-essence-ios.debug.xcconfig"; path = "Pods/Target Support Files/Pods-essence-ios/Pods-essence-ios.debug.xcconfig"; sourceTree = "<group>"; };
		4EEFF3DB4D555E08D694441F /* Pods-essence-ios.release.xcconfig */ = {isa = PBXFileReference; includeInIndex = 1; lastKnownFileType = text.xcconfig; name = "Pods-essence-ios.release.xcconfig"; path = "Pods/Target Support Files/Pods-essence-ios/Pods-essence-ios.release.xcconfig"; sourceTree = "<group>"; };
		5A701C3478A2A48CF45CE763 /* Pods_essence_ios.framework */ = {isa = PBXFileReference; explicitFileType = wrapper.framework; includeInIndex = 0; path = Pods_essence_ios.framework; sourceTree = BUILT_PRODUCTS_DIR; };
/* End PBXFileReference section */

/* Begin PBXFrameworksBuildPhase section */
		37511DB01C596EB600EDE554 /* Frameworks */ = {
			isa = PBXFrameworksBuildPhase;
			buildActionMask = 2147483647;
			files = (
				7F056084B87402C84110D712 /* Pods_essence_ios.framework in Frameworks */,
			);
			runOnlyForDeploymentPostprocessing = 0;
		};
/* End PBXFrameworksBuildPhase section */

/* Begin PBXGroup section */
		37511DAA1C596EB600EDE554 = {
			isa = PBXGroup;
			children = (
				37511DB51C596EB600EDE554 /* essence-ios */,
				37511DB41C596EB600EDE554 /* Products */,
				397C1B32A948095E11D674A2 /* Pods */,
				3C0DDBA8A1D8073434A5A96B /* Frameworks */,
			);
			sourceTree = "<group>";
		};
		37511DB41C596EB600EDE554 /* Products */ = {
			isa = PBXGroup;
			children = (
				37511DB31C596EB600EDE554 /* essence-ios.app */,
			);
			name = Products;
			sourceTree = "<group>";
		};
		37511DB51C596EB600EDE554 /* essence-ios */ = {
			isa = PBXGroup;
			children = (
				37511DB61C596EB600EDE554 /* AppDelegate.swift */,
				37511DB81C596EB600EDE554 /* ViewController.swift */,
				37511DBA1C596EB600EDE554 /* Main.storyboard */,
				37511DC01C596EB600EDE554 /* Assets.xcassets */,
				37511DC21C596EB600EDE554 /* LaunchScreen.storyboard */,
				37511DC51C596EB600EDE554 /* Info.plist */,
				37511DBD1C596EB600EDE554 /* essence_ios.xcdatamodeld */,
			);
			path = "essence-ios";
			sourceTree = "<group>";
		};
		397C1B32A948095E11D674A2 /* Pods */ = {
			isa = PBXGroup;
			children = (
				420B4727400C23B4677EBFFC /* Pods-essence-ios.debug.xcconfig */,
				4EEFF3DB4D555E08D694441F /* Pods-essence-ios.release.xcconfig */,
			);
			name = Pods;
			sourceTree = "<group>";
		};
		3C0DDBA8A1D8073434A5A96B /* Frameworks */ = {
			isa = PBXGroup;
			children = (
				5A701C3478A2A48CF45CE763 /* Pods_essence_ios.framework */,
			);
			name = Frameworks;
			sourceTree = "<group>";
		};
/* End PBXGroup section */

/* Begin PBXNativeTarget section */
		37511DB21C596EB600EDE554 /* essence-ios */ = {
			isa = PBXNativeTarget;
			buildConfigurationList = 37511DC81C596EB600EDE554 /* Build configuration list for PBXNativeTarget "essence-ios" */;
			buildPhases = (
				DEF6D14E542D60C3B6EF663D /* Check Pods Manifest.lock */,
				37511DAF1C596EB600EDE554 /* Sources */,
				37511DB01C596EB600EDE554 /* Frameworks */,
				37511DB11C596EB600EDE554 /* Resources */,
				A76EDD2B1115979AD0B50AAC /* Embed Pods Frameworks */,
				8ED64CDEE0E2D38D686A4ADC /* Copy Pods Resources */,
			);
			buildRules = (
			);
			dependencies = (
			);
			name = "essence-ios";
			productName = "essence-ios";
			productReference = 37511DB31C596EB600EDE554 /* essence-ios.app */;
			productType = "com.apple.product-type.application";
		};
/* End PBXNativeTarget section */

/* Begin PBXProject section */
		37511DAB1C596EB600EDE554 /* Project object */ = {
			isa = PBXProject;
			attributes = {
				LastSwiftUpdateCheck = 0720;
				LastUpgradeCheck = 0720;
				ORGANIZATIONNAME = "Dan Bender";
				TargetAttributes = {
					37511DB21C596EB600EDE554 = {
						CreatedOnToolsVersion = 7.2;
						DevelopmentTeam = 69NBPBDJ85;
					};
				};
			};
			buildConfigurationList = 37511DAE1C596EB600EDE554 /* Build configuration list for PBXProject "essence-ios" */;
			compatibilityVersion = "Xcode 3.2";
			developmentRegion = English;
			hasScannedForEncodings = 0;
			knownRegions = (
				en,
				Base,
			);
			mainGroup = 37511DAA1C596EB600EDE554;
			productRefGroup = 37511DB41C596EB600EDE554 /* Products */;
			projectDirPath = "";
			projectRoot = "";
			targets = (
				37511DB21C596EB600EDE554 /* essence-ios */,
			);
		};
/* End PBXProject section */

/* Begin PBXResourcesBuildPhase section */
		37511DB11C596EB600EDE554 /* Resources */ = {
			isa = PBXResourcesBuildPhase;
			buildActionMask = 2147483647;
			files = (
				37511DC41C596EB600EDE554 /* LaunchScreen.storyboard in Resources */,
				37511DC11C596EB600EDE554 /* Assets.xcassets in Resources */,
				37511DBC1C596EB600EDE554 /* Main.storyboard in Resources */,
			);
			runOnlyForDeploymentPostprocessing = 0;
		};
/* End PBXResourcesBuildPhase section */

/* Begin PBXShellScriptBuildPhase section */
		8ED64CDEE0E2D38D686A4ADC /* Copy Pods Resources */ = {
			isa = PBXShellScriptBuildPhase;
			buildActionMask = 2147483647;
			files = (
			);
			inputPaths = (
			);
			name = "Copy Pods Resources";
			outputPaths = (
			);
			runOnlyForDeploymentPostprocessing = 0;
			shellPath = /bin/sh;
			shellScript = "\"${SRCROOT}/Pods/Target Support Files/Pods-essence-ios/Pods-essence-ios-resources.sh\"\n";
			showEnvVarsInLog = 0;
		};
		A76EDD2B1115979AD0B50AAC /* Embed Pods Frameworks */ = {
			isa = PBXShellScriptBuildPhase;
			buildActionMask = 2147483647;
			files = (
			);
			inputPaths = (
			);
			name = "Embed Pods Frameworks";
			outputPaths = (
			);
			runOnlyForDeploymentPostprocessing = 0;
			shellPath = /bin/sh;
			shellScript = "\"${SRCROOT}/Pods/Target Support Files/Pods-essence-ios/Pods-essence-ios-frameworks.sh\"\n";
			showEnvVarsInLog = 0;
		};
		DEF6D14E542D60C3B6EF663D /* Check Pods Manifest.lock */ = {
			isa = PBXShellScriptBuildPhase;
			buildActionMask = 2147483647;
			files = (
			);
			inputPaths = (
			);
			name = "Check Pods Manifest.lock";
			outputPaths = (
			);
			runOnlyForDeploymentPostprocessing = 0;
			shellPath = /bin/sh;
			shellScript = "diff \"${PODS_ROOT}/../Podfile.lock\" \"${PODS_ROOT}/Manifest.lock\" > /dev/null\nif [[ $? != 0 ]] ; then\n    cat << EOM\nerror: The sandbox is not in sync with the Podfile.lock. Run 'pod install' or update your CocoaPods installation.\nEOM\n    exit 1\nfi\n";
			showEnvVarsInLog = 0;
		};
/* End PBXShellScriptBuildPhase section */

/* Begin PBXSourcesBuildPhase section */
		37511DAF1C596EB600EDE554 /* Sources */ = {
			isa = PBXSourcesBuildPhase;
			buildActionMask = 2147483647;
			files = (
				37511DB91C596EB600EDE554 /* ViewController.swift in Sources */,
				37511DBF1C596EB600EDE554 /* essence_ios.xcdatamodeld in Sources */,
				37511DB71C596EB600EDE554 /* AppDelegate.swift in Sources */,
			);
			runOnlyForDeploymentPostprocessing = 0;
		};
/* End PBXSourcesBuildPhase section */

/* Begin PBXVariantGroup section */
		37511DBA1C596EB600EDE554 /* Main.storyboard */ = {
			isa = PBXVariantGroup;
			children = (
				37511DBB1C596EB600EDE554 /* Base */,
			);
			name = Main.storyboard;
			sourceTree = "<group>";
		};
		37511DC21C596EB600EDE554 /* LaunchScreen.storyboard */ = {
			isa = PBXVariantGroup;
			children = (
				37511DC31C596EB600EDE554 /* Base */,
			);
			name = LaunchScreen.storyboard;
			sourceTree = "<group>";
		};
/* End PBXVariantGroup section */

/* Begin XCBuildConfiguration section */
		37511DC61C596EB600EDE554 /* Debug */ = {
			isa = XCBuildConfiguration;
			buildSettings = {
				ALWAYS_SEARCH_USER_PATHS = NO;
				CLANG_CXX_LANGUAGE_STANDARD = "gnu++0x";
				CLANG_CXX_LIBRARY = "libc++";
				CLANG_ENABLE_MODULES = YES;
				CLANG_ENABLE_OBJC_ARC = YES;
				CLANG_WARN_BOOL_CONVERSION = YES;
				CLANG_WARN_CONSTANT_CONVERSION = YES;
				CLANG_WARN_DIRECT_OBJC_ISA_USAGE = YES_ERROR;
				CLANG_WARN_EMPTY_BODY = YES;
				CLANG_WARN_ENUM_CONVERSION = YES;
				CLANG_WARN_INT_CONVERSION = YES;
				CLANG_WARN_OBJC_ROOT_CLASS = YES_ERROR;
				CLANG_WARN_UNREACHABLE_CODE = YES;
				CLANG_WARN__DUPLICATE_METHOD_MATCH = YES;
				"CODE_SIGN_IDENTITY[sdk=iphoneos*]" = "iPhone Developer";
				COPY_PHASE_STRIP = NO;
				DEBUG_INFORMATION_FORMAT = dwarf;
				ENABLE_STRICT_OBJC_MSGSEND = YES;
				ENABLE_TESTABILITY = YES;
				GCC_C_LANGUAGE_STANDARD = gnu99;
				GCC_DYNAMIC_NO_PIC = NO;
				GCC_NO_COMMON_BLOCKS = YES;
				GCC_OPTIMIZATION_LEVEL = 0;
				GCC_PREPROCESSOR_DEFINITIONS = (
					"DEBUG=1",
					"$(inherited)",
				);
				GCC_WARN_64_TO_32_BIT_CONVERSION = YES;
				GCC_WARN_ABOUT_RETURN_TYPE = YES_ERROR;
				GCC_WARN_UNDECLARED_SELECTOR = YES;
				GCC_WARN_UNINITIALIZED_AUTOS = YES_AGGRESSIVE;
				GCC_WARN_UNUSED_FUNCTION = YES;
				GCC_WARN_UNUSED_VARIABLE = YES;
				IPHONEOS_DEPLOYMENT_TARGET = 9.2;
				MTL_ENABLE_DEBUG_INFO = YES;
				ONLY_ACTIVE_ARCH = YES;
				SDKROOT = iphoneos;
				SWIFT_OPTIMIZATION_LEVEL = "-Onone";
				TARGETED_DEVICE_FAMILY = "1,2";
			};
			name = Debug;
		};
		37511DC71C596EB600EDE554 /* Release */ = {
			isa = XCBuildConfiguration;
			buildSettings = {
				ALWAYS_SEARCH_USER_PATHS = NO;
				CLANG_CXX_LANGUAGE_STANDARD = "gnu++0x";
				CLANG_CXX_LIBRARY = "libc++";
				CLANG_ENABLE_MODULES = YES;
				CLANG_ENABLE_OBJC_ARC = YES;
				CLANG_WARN_BOOL_CONVERSION = YES;
				CLANG_WARN_CONSTANT_CONVERSION = YES;
				CLANG_WARN_DIRECT_OBJC_ISA_USAGE = YES_ERROR;
				CLANG_WARN_EMPTY_BODY = YES;
				CLANG_WARN_ENUM_CONVERSION = YES;
				CLANG_WARN_INT_CONVERSION = YES;
				CLANG_WARN_OBJC_ROOT_CLASS = YES_ERROR;
				CLANG_WARN_UNREACHABLE_CODE = YES;
				CLANG_WARN__DUPLICATE_METHOD_MATCH = YES;
				"CODE_SIGN_IDENTITY[sdk=iphoneos*]" = "iPhone Developer";
				COPY_PHASE_STRIP = NO;
				DEBUG_INFORMATION_FORMAT = "dwarf-with-dsym";
				ENABLE_NS_ASSERTIONS = NO;
				ENABLE_STRICT_OBJC_MSGSEND = YES;
				GCC_C_LANGUAGE_STANDARD = gnu99;
				GCC_NO_COMMON_BLOCKS = YES;
				GCC_WARN_64_TO_32_BIT_CONVERSION = YES;
				GCC_WARN_ABOUT_RETURN_TYPE = YES_ERROR;
				GCC_WARN_UNDECLARED_SELECTOR = YES;
				GCC_WARN_UNINITIALIZED_AUTOS = YES_AGGRESSIVE;
				GCC_WARN_UNUSED_FUNCTION = YES;
				GCC_WARN_UNUSED_VARIABLE = YES;
				IPHONEOS_DEPLOYMENT_TARGET = 9.2;
				MTL_ENABLE_DEBUG_INFO = NO;
				SDKROOT = iphoneos;
				TARGETED_DEVICE_FAMILY = "1,2";
				VALIDATE_PRODUCT = YES;
			};
			name = Release;
		};
		37511DC91C596EB600EDE554 /* Debug */ = {
			isa = XCBuildConfiguration;
			baseConfigurationReference = 420B4727400C23B4677EBFFC /* Pods-essence-ios.debug.xcconfig */;
			buildSettings = {
				ASSETCATALOG_COMPILER_APPICON_NAME = AppIcon;
				INFOPLIST_FILE = "essence-ios/Info.plist";
				LD_RUNPATH_SEARCH_PATHS = "$(inherited) @executable_path/Frameworks";
				PRODUCT_BUNDLE_IDENTIFIER = "net.danbender.essence-ios";
				PRODUCT_NAME = "$(TARGET_NAME)";
			};
			name = Debug;
		};
		37511DCA1C596EB600EDE554 /* Release */ = {
			isa = XCBuildConfiguration;
			baseConfigurationReference = 4EEFF3DB4D555E08D694441F /* Pods-essence-ios.release.xcconfig */;
			buildSettings = {
				ASSETCATALOG_COMPILER_APPICON_NAME = AppIcon;
				INFOPLIST_FILE = "essence-ios/Info.plist";
				LD_RUNPATH_SEARCH_PATHS = "$(inherited) @executable_path/Frameworks";
				PRODUCT_BUNDLE_IDENTIFIER = "net.danbender.essence-ios";
				PRODUCT_NAME = "$(TARGET_NAME)";
			};
			name = Release;
		};
/* End XCBuildConfiguration section */

/* Begin XCConfigurationList section */
		37511DAE1C596EB600EDE554 /* Build configuration list for PBXProject "essence-ios" */ = {
			isa = XCConfigurationList;
			buildConfigurations = (
				37511DC61C596EB600EDE554 /* Debug */,
				37511DC71C596EB600EDE554 /* Release */,
			);
			defaultConfigurationIsVisible = 0;
			defaultConfigurationName = Release;
		};
		37511DC81C596EB600EDE554 /* Build configuration list for PBXNativeTarget "essence-ios" */ = {
			isa = XCConfigurationList;
			buildConfigurations = (
				37511DC91C596EB600EDE554 /* Debug */,
				37511DCA1C596EB600EDE554 /* Release */,
			);
			defaultConfigurationIsVisible = 0;
			defaultConfigurationName = Release;
		};
/* End XCConfigurationList section */

/* Begin XCVersionGroup section */
		37511DBD1C596EB600EDE554 /* essence_ios.xcdatamodeld */ = {
			isa = XCVersionGroup;
			children = (
				37511DBE1C596EB600EDE554 /* essence_ios.xcdatamodel */,
			);
			currentVersion = 37511DBE1C596EB600EDE554 /* essence_ios.xcdatamodel */;
			path = essence_ios.xcdatamodeld;
			sourceTree = "<group>";
			versionGroupType = wrapper.xcdatamodel;
		};
/* End XCVersionGroup section */
	};
	rootObject = 37511DAB1C596EB600EDE554 /* Project object */;
}
